
Microsoft Visual Studio Solution File, Format Version 12.00
# Visual Studio Version 16
VisualStudioVersion = 16.0.30907.101
MinimumVisualStudioVersion = 10.0.40219.1
Project("{FAE04EC0-301F-11D3-BF4B-00C04F79EFBC}") = "SDM_Coffee_Shop", "SDM_Coffee_Shop\SDM_Coffee_Shop.csproj", "{4C49E5CA-EAD3-4D5B-BF8A-A9BF7A6C1F09}"
EndProject
Project("{9A19103F-16F7-4668-BE54-9A1E7A4F7556}") = "SDM_Coffee_Shop_Testing", "SDM_Coffee_Shop_Testing\SDM_Coffee_Shop_Testing.csproj", "{B1E649AA-2DD5-4079-887A-5EC5F20C94B3}"
EndProject
Global
	GlobalSection(SolutionConfigurationPlatforms) = preSolution
		Debug|Any CPU = Debug|Any CPU
		Release|Any CPU = Release|Any CPU
	EndGlobalSection
	GlobalSection(ProjectConfigurationPlatforms) = postSolution
		{4C49E5CA-EAD3-4D5B-BF8A-A9BF7A6C1F09}.Debug|Any CPU.ActiveCfg = Debug|Any CPU
		{4C49E5CA-EAD3-4D5B-BF8A-A9BF7A6C1F09}.Debug|Any CPU.Build.0 = Debug|Any CPU
		{4C49E5CA-EAD3-4D5B-BF8A-A9BF7A6C1F09}.Release|Any CPU.ActiveCfg = Release|Any CPU
		{4C49E5CA-EAD3-4D5B-BF8A-A9BF7A6C1F09}.Release|Any CPU.Build.0 = Release|Any CPU
		{B1E649AA-2DD5-4079-887A-5EC5F20C94B3}.Debug|Any CPU.ActiveCfg = Debug|Any CPU
		{B1E649AA-2DD5-4079-887A-5EC5F20C94B3}.Debug|Any CPU.Build.0 = Debug|Any CPU
		{B1E649AA-2DD5-4079-887A-5EC5F20C94B3}.Release|Any CPU.ActiveCfg = Release|Any CPU
		{B1E649AA-2DD5-4079-887A-5EC5F20C94B3}.Release|Any CPU.Build.0 = Release|Any CPU
	EndGlobalSection
	GlobalSection(SolutionProperties) = preSolution
		HideSolutionNode = FALSE
	EndGlobalSection
	GlobalSection(ExtensibilityGlobals) = postSolution
		SolutionGuid = {4DE8AB20-6C80-4377-BC00-FE9C6FA2EF84}
	EndGlobalSection
EndGlobal
